
Microsoft Visual Studio Solution File, Format Version 12.00
# Visual Studio Version 17
VisualStudioVersion = 17.5.33627.172
MinimumVisualStudioVersion = 10.0.40219.1
Project("{FAE04EC0-301F-11D3-BF4B-00C04F79EFBC}") = "Exz", "Exz\Exz.csproj", "{492FF1D0-C29A-4903-AEC3-09B46C1A9EA4}"
EndProject
Global
	GlobalSection(SolutionConfigurationPlatforms) = preSolution
		Debug|Any CPU = Debug|Any CPU
		Release|Any CPU = Release|Any CPU
	EndGlobalSection
	GlobalSection(ProjectConfigurationPlatforms) = postSolution
		{492FF1D0-C29A-4903-AEC3-09B46C1A9EA4}.Debug|Any CPU.ActiveCfg = Debug|Any CPU
		{492FF1D0-C29A-4903-AEC3-09B46C1A9EA4}.Debug|Any CPU.Build.0 = Debug|Any CPU
		{492FF1D0-C29A-4903-AEC3-09B46C1A9EA4}.Release|Any CPU.ActiveCfg = Release|Any CPU
		{492FF1D0-C29A-4903-AEC3-09B46C1A9EA4}.Release|Any CPU.Build.0 = Release|Any CPU
	EndGlobalSection
	GlobalSection(SolutionProperties) = preSolution
		HideSolutionNode = FALSE
	EndGlobalSection
	GlobalSection(ExtensibilityGlobals) = postSolution
		SolutionGuid = {9B7EDD64-0663-4A67-B28C-9EA962AC88B8}
	EndGlobalSection
EndGlobal
